// !$*UTF8*$!
{
	archiveVersion = 1;
	classes = {
	};
	objectVersion = 46;
	objects = {

/* Begin PBXBuildFile section */
		5889D2F01F0194960051466D /* main.m in Sources */ = {isa = PBXBuildFile; fileRef = 5889D2EF1F0194960051466D /* main.m */; };
		5889D2F31F0194960051466D /* AppDelegate.m in Sources */ = {isa = PBXBuildFile; fileRef = 5889D2F21F0194960051466D /* AppDelegate.m */; };
		5889D2F61F0194960051466D /* ExampleViewController.m in Sources */ = {isa = PBXBuildFile; fileRef = 5889D2F51F0194960051466D /* ExampleViewController.m */; };
		5889D2F91F0194960051466D /* Main.storyboard in Resources */ = {isa = PBXBuildFile; fileRef = 5889D2F71F0194960051466D /* Main.storyboard */; };
		5889D2FB1F0194960051466D /* Assets.xcassets in Resources */ = {isa = PBXBuildFile; fileRef = 5889D2FA1F0194960051466D /* Assets.xcassets */; };
		5889D2FE1F0194960051466D /* LaunchScreen.storyboard in Resources */ = {isa = PBXBuildFile; fileRef = 5889D2FC1F0194960051466D /* LaunchScreen.storyboard */; };
		5889D3061F02DFCF0051466D /* configuration.plist in Resources */ = {isa = PBXBuildFile; fileRef = 5889D3051F02DFCF0051466D /* configuration.plist */; };
		D433FAFAF7C0A8B16BEC6E43 /* Pods_Example.framework in Frameworks */ = {isa = PBXBuildFile; fileRef = 80ED7FED119F0A1FCDA3FC6F /* Pods_Example.framework */; };
/* End PBXBuildFile section */

/* Begin PBXFileReference section */
		5889D2EB1F0194960051466D /* Example.app */ = {isa = PBXFileReference; explicitFileType = wrapper.application; includeInIndex = 0; path = Example.app; sourceTree = BUILT_PRODUCTS_DIR; };
		5889D2EF1F0194960051466D /* main.m */ = {isa = PBXFileReference; lastKnownFileType = sourcecode.c.objc; path = main.m; sourceTree = "<group>"; };
		5889D2F11F0194960051466D /* AppDelegate.h */ = {isa = PBXFileReference; lastKnownFileType = sourcecode.c.h; path = AppDelegate.h; sourceTree = "<group>"; };
		5889D2F21F0194960051466D /* AppDelegate.m */ = {isa = PBXFileReference; lastKnownFileType = sourcecode.c.objc; path = AppDelegate.m; sourceTree = "<group>"; };
		5889D2F41F0194960051466D /* ExampleViewController.h */ = {isa = PBXFileReference; lastKnownFileType = sourcecode.c.h; path = ExampleViewController.h; sourceTree = "<group>"; };
		5889D2F51F0194960051466D /* ExampleViewController.m */ = {isa = PBXFileReference; lastKnownFileType = sourcecode.c.objc; path = ExampleViewController.m; sourceTree = "<group>"; };
		5889D2F81F0194960051466D /* Base */ = {isa = PBXFileReference; lastKnownFileType = file.storyboard; name = Base; path = Base.lproj/Main.storyboard; sourceTree = "<group>"; };
		5889D2FA1F0194960051466D /* Assets.xcassets */ = {isa = PBXFileReference; lastKnownFileType = folder.assetcatalog; path = Assets.xcassets; sourceTree = "<group>"; };
		5889D2FD1F0194960051466D /* Base */ = {isa = PBXFileReference; lastKnownFileType = file.storyboard; name = Base; path = Base.lproj/LaunchScreen.storyboard; sourceTree = "<group>"; };
		5889D2FF1F0194960051466D /* Info.plist */ = {isa = PBXFileReference; lastKnownFileType = text.plist.xml; path = Info.plist; sourceTree = "<group>"; };
		5889D3051F02DFCF0051466D /* configuration.plist */ = {isa = PBXFileReference; fileEncoding = 4; lastKnownFileType = text.plist.xml; path = configuration.plist; sourceTree = "<group>"; };
		80ED7FED119F0A1FCDA3FC6F /* Pods_Example.framework */ = {isa = PBXFileReference; explicitFileType = wrapper.framework; includeInIndex = 0; path = Pods_Example.framework; sourceTree = BUILT_PRODUCTS_DIR; };
		CEFF8DF22815097D16FC5AFE /* Pods-Example.debug.xcconfig */ = {isa = PBXFileReference; includeInIndex = 1; lastKnownFileType = text.xcconfig; name = "Pods-Example.debug.xcconfig"; path = "Pods/Target Support Files/Pods-Example/Pods-Example.debug.xcconfig"; sourceTree = "<group>"; };
		E356478499C8A6A390E23BBD /* Pods-Example.release.xcconfig */ = {isa = PBXFileReference; includeInIndex = 1; lastKnownFileType = text.xcconfig; name = "Pods-Example.release.xcconfig"; path = "Pods/Target Support Files/Pods-Example/Pods-Example.release.xcconfig"; sourceTree = "<group>"; };
/* End PBXFileReference section */

/* Begin PBXFrameworksBuildPhase section */
		5889D2E81F0194960051466D /* Frameworks */ = {
			isa = PBXFrameworksBuildPhase;
			buildActionMask = 2147483647;
			files = (
				D433FAFAF7C0A8B16BEC6E43 /* Pods_Example.framework in Frameworks */,
			);
			runOnlyForDeploymentPostprocessing = 0;
		};
/* End PBXFrameworksBuildPhase section */

/* Begin PBXGroup section */
		5889D2E21F0194960051466D = {
			isa = PBXGroup;
			children = (
				5889D2ED1F0194960051466D /* Example */,
				5889D2EC1F0194960051466D /* Products */,
				A845D1F80E7974E00F41A90D /* Pods */,
				B07DE170F1954D56101D7789 /* Frameworks */,
			);
			sourceTree = "<group>";
		};
		5889D2EC1F0194960051466D /* Products */ = {
			isa = PBXGroup;
			children = (
				5889D2EB1F0194960051466D /* Example.app */,
			);
			name = Products;
			sourceTree = "<group>";
		};
		5889D2ED1F0194960051466D /* Example */ = {
			isa = PBXGroup;
			children = (
				5889D3051F02DFCF0051466D /* configuration.plist */,
				5889D2F11F0194960051466D /* AppDelegate.h */,
				5889D2F21F0194960051466D /* AppDelegate.m */,
				5889D2F41F0194960051466D /* ExampleViewController.h */,
				5889D2F51F0194960051466D /* ExampleViewController.m */,
				5889D2F71F0194960051466D /* Main.storyboard */,
				5889D2FA1F0194960051466D /* Assets.xcassets */,
				5889D2FC1F0194960051466D /* LaunchScreen.storyboard */,
				5889D2FF1F0194960051466D /* Info.plist */,
				5889D2EE1F0194960051466D /* Supporting Files */,
			);
			path = Example;
			sourceTree = "<group>";
		};
		5889D2EE1F0194960051466D /* Supporting Files */ = {
			isa = PBXGroup;
			children = (
				5889D2EF1F0194960051466D /* main.m */,
			);
			name = "Supporting Files";
			sourceTree = "<group>";
		};
		A845D1F80E7974E00F41A90D /* Pods */ = {
			isa = PBXGroup;
			children = (
				CEFF8DF22815097D16FC5AFE /* Pods-Example.debug.xcconfig */,
				E356478499C8A6A390E23BBD /* Pods-Example.release.xcconfig */,
			);
			name = Pods;
			sourceTree = "<group>";
		};
		B07DE170F1954D56101D7789 /* Frameworks */ = {
			isa = PBXGroup;
			children = (
				80ED7FED119F0A1FCDA3FC6F /* Pods_Example.framework */,
			);
			name = Frameworks;
			sourceTree = "<group>";
		};
/* End PBXGroup section */

/* Begin PBXNativeTarget section */
		5889D2EA1F0194960051466D /* Example */ = {
			isa = PBXNativeTarget;
			buildConfigurationList = 5889D3021F0194960051466D /* Build configuration list for PBXNativeTarget "Example" */;
			buildPhases = (
				993B359DC18C22DAAF4C5686 /* [CP] Check Pods Manifest.lock */,
				5889D2E71F0194960051466D /* Sources */,
				5889D2E81F0194960051466D /* Frameworks */,
				5889D2E91F0194960051466D /* Resources */,
				824E3E44D0E946B995BD73C0 /* [CP] Embed Pods Frameworks */,
			);
			buildRules = (
			);
			dependencies = (
			);
			name = Example;
			productName = Example;
			productReference = 5889D2EB1F0194960051466D /* Example.app */;
			productType = "com.apple.product-type.application";
		};
/* End PBXNativeTarget section */

/* Begin PBXProject section */
		5889D2E31F0194960051466D /* Project object */ = {
			isa = PBXProject;
			attributes = {
				LastUpgradeCheck = 0830;
				ORGANIZATIONNAME = Record360;
				TargetAttributes = {
					5889D2EA1F0194960051466D = {
						CreatedOnToolsVersion = 8.3.3;
						DevelopmentTeam = D2UQX7HU9P;
						ProvisioningStyle = Automatic;
					};
				};
			};
			buildConfigurationList = 5889D2E61F0194960051466D /* Build configuration list for PBXProject "Example" */;
			compatibilityVersion = "Xcode 3.2";
			developmentRegion = English;
			hasScannedForEncodings = 0;
			knownRegions = (
				English,
				en,
				Base,
			);
			mainGroup = 5889D2E21F0194960051466D;
			productRefGroup = 5889D2EC1F0194960051466D /* Products */;
			projectDirPath = "";
			projectRoot = "";
			targets = (
				5889D2EA1F0194960051466D /* Example */,
			);
		};
/* End PBXProject section */

/* Begin PBXResourcesBuildPhase section */
		5889D2E91F0194960051466D /* Resources */ = {
			isa = PBXResourcesBuildPhase;
			buildActionMask = 2147483647;
			files = (
				5889D2FE1F0194960051466D /* LaunchScreen.storyboard in Resources */,
				5889D3061F02DFCF0051466D /* configuration.plist in Resources */,
				5889D2FB1F0194960051466D /* Assets.xcassets in Resources */,
				5889D2F91F0194960051466D /* Main.storyboard in Resources */,
			);
			runOnlyForDeploymentPostprocessing = 0;
		};
/* End PBXResourcesBuildPhase section */

/* Begin PBXShellScriptBuildPhase section */
		824E3E44D0E946B995BD73C0 /* [CP] Embed Pods Frameworks */ = {
			isa = PBXShellScriptBuildPhase;
			buildActionMask = 2147483647;
			files = (
			);
			inputPaths = (
				"${PODS_ROOT}/Target Support Files/Pods-Example/Pods-Example-frameworks.sh",
				"${BUILT_PRODUCTS_DIR}/AFNetworking/AFNetworking.framework",
				"${BUILT_PRODUCTS_DIR}/Amplitude/Amplitude.framework",
				"${BUILT_PRODUCTS_DIR}/Analytics/Segment.framework",
				"${BUILT_PRODUCTS_DIR}/CocoaLumberjack/CocoaLumberjack.framework",
				"${BUILT_PRODUCTS_DIR}/Realm/Realm.framework",
				"${PODS_ROOT}/Record360SDK/Record360SDK.framework",
				"${BUILT_PRODUCTS_DIR}/Segment-Amplitude/Segment_Amplitude.framework",
			);
			name = "[CP] Embed Pods Frameworks";
			outputPaths = (
				"${TARGET_BUILD_DIR}/${FRAMEWORKS_FOLDER_PATH}/AFNetworking.framework",
				"${TARGET_BUILD_DIR}/${FRAMEWORKS_FOLDER_PATH}/Amplitude.framework",
				"${TARGET_BUILD_DIR}/${FRAMEWORKS_FOLDER_PATH}/Segment.framework",
				"${TARGET_BUILD_DIR}/${FRAMEWORKS_FOLDER_PATH}/CocoaLumberjack.framework",
				"${TARGET_BUILD_DIR}/${FRAMEWORKS_FOLDER_PATH}/Realm.framework",
				"${TARGET_BUILD_DIR}/${FRAMEWORKS_FOLDER_PATH}/Record360SDK.framework",
				"${TARGET_BUILD_DIR}/${FRAMEWORKS_FOLDER_PATH}/Segment_Amplitude.framework",
			);
			runOnlyForDeploymentPostprocessing = 0;
			shellPath = /bin/sh;
			shellScript = "\"${PODS_ROOT}/Target Support Files/Pods-Example/Pods-Example-frameworks.sh\"\n";
			showEnvVarsInLog = 0;
		};
		993B359DC18C22DAAF4C5686 /* [CP] Check Pods Manifest.lock */ = {
			isa = PBXShellScriptBuildPhase;
			buildActionMask = 2147483647;
			files = (
			);
			inputPaths = (
				"${PODS_PODFILE_DIR_PATH}/Podfile.lock",
				"${PODS_ROOT}/Manifest.lock",
			);
			name = "[CP] Check Pods Manifest.lock";
			outputPaths = (
				"$(DERIVED_FILE_DIR)/Pods-Example-checkManifestLockResult.txt",
			);
			runOnlyForDeploymentPostprocessing = 0;
			shellPath = /bin/sh;
			shellScript = "diff \"${PODS_PODFILE_DIR_PATH}/Podfile.lock\" \"${PODS_ROOT}/Manifest.lock\" > /dev/null\nif [ $? != 0 ] ; then\n    # print error to STDERR\n    echo \"error: The sandbox is not in sync with the Podfile.lock. Run 'pod install' or update your CocoaPods installation.\" >&2\n    exit 1\nfi\n# This output is used by Xcode 'outputs' to avoid re-running this script phase.\necho \"SUCCESS\" > \"${SCRIPT_OUTPUT_FILE_0}\"\n";
			showEnvVarsInLog = 0;
		};
/* End PBXShellScriptBuildPhase section */

/* Begin PBXSourcesBuildPhase section */
		5889D2E71F0194960051466D /* Sources */ = {
			isa = PBXSourcesBuildPhase;
			buildActionMask = 2147483647;
			files = (
				5889D2F61F0194960051466D /* ExampleViewController.m in Sources */,
				5889D2F31F0194960051466D /* AppDelegate.m in Sources */,
				5889D2F01F0194960051466D /* main.m in Sources */,
			);
			runOnlyForDeploymentPostprocessing = 0;
		};
/* End PBXSourcesBuildPhase section */

/* Begin PBXVariantGroup section */
		5889D2F71F0194960051466D /* Main.storyboard */ = {
			isa = PBXVariantGroup;
			children = (
				5889D2F81F0194960051466D /* Base */,
			);
			name = Main.storyboard;
			sourceTree = "<group>";
		};
		5889D2FC1F0194960051466D /* LaunchScreen.storyboard */ = {
			isa = PBXVariantGroup;
			children = (
				5889D2FD1F0194960051466D /* Base */,
			);
			name = LaunchScreen.storyboard;
			sourceTree = "<group>";
		};
/* End PBXVariantGroup section */

/* Begin XCBuildConfiguration section */
		5889D3001F0194960051466D /* Debug */ = {
			isa = XCBuildConfiguration;
			buildSettings = {
				ALWAYS_SEARCH_USER_PATHS = NO;
				CLANG_ANALYZER_NONNULL = YES;
				CLANG_ANALYZER_NUMBER_OBJECT_CONVERSION = YES_AGGRESSIVE;
				CLANG_CXX_LANGUAGE_STANDARD = "gnu++0x";
				CLANG_CXX_LIBRARY = "libc++";
				CLANG_ENABLE_MODULES = YES;
				CLANG_ENABLE_OBJC_ARC = YES;
				CLANG_WARN_BOOL_CONVERSION = YES;
				CLANG_WARN_CONSTANT_CONVERSION = YES;
				CLANG_WARN_DIRECT_OBJC_ISA_USAGE = YES_ERROR;
				CLANG_WARN_DOCUMENTATION_COMMENTS = YES;
				CLANG_WARN_EMPTY_BODY = YES;
				CLANG_WARN_ENUM_CONVERSION = YES;
				CLANG_WARN_INFINITE_RECURSION = YES;
				CLANG_WARN_INT_CONVERSION = YES;
				CLANG_WARN_OBJC_ROOT_CLASS = YES_ERROR;
				CLANG_WARN_SUSPICIOUS_MOVE = YES;
				CLANG_WARN_UNREACHABLE_CODE = YES;
				CLANG_WARN__DUPLICATE_METHOD_MATCH = YES;
				"CODE_SIGN_IDENTITY[sdk=iphoneos*]" = "iPhone Developer";
				COPY_PHASE_STRIP = NO;
				DEBUG_INFORMATION_FORMAT = dwarf;
				ENABLE_STRICT_OBJC_MSGSEND = YES;
				ENABLE_TESTABILITY = YES;
				EXCLUDED_ARCHS = "";
				"EXCLUDED_ARCHS[sdk=iphonesimulator*]" = arm64;
				GCC_C_LANGUAGE_STANDARD = gnu99;
				GCC_DYNAMIC_NO_PIC = NO;
				GCC_NO_COMMON_BLOCKS = YES;
				GCC_OPTIMIZATION_LEVEL = 0;
				GCC_PREPROCESSOR_DEFINITIONS = (
					"DEBUG=1",
					"$(inherited)",
				);
				GCC_WARN_64_TO_32_BIT_CONVERSION = YES;
				GCC_WARN_ABOUT_RETURN_TYPE = YES_ERROR;
				GCC_WARN_UNDECLARED_SELECTOR = YES;
				GCC_WARN_UNINITIALIZED_AUTOS = YES_AGGRESSIVE;
				GCC_WARN_UNUSED_FUNCTION = YES;
				GCC_WARN_UNUSED_VARIABLE = YES;
				IPHONEOS_DEPLOYMENT_TARGET = 12.0;
				MTL_ENABLE_DEBUG_INFO = YES;
				ONLY_ACTIVE_ARCH = YES;
				SDKROOT = iphoneos;
				TARGETED_DEVICE_FAMILY = "1,2";
			};
			name = Debug;
		};
		5889D3011F0194960051466D /* Release */ = {
			isa = XCBuildConfiguration;
			buildSettings = {
				ALWAYS_SEARCH_USER_PATHS = NO;
				CLANG_ANALYZER_NONNULL = YES;
				CLANG_ANALYZER_NUMBER_OBJECT_CONVERSION = YES_AGGRESSIVE;
				CLANG_CXX_LANGUAGE_STANDARD = "gnu++0x";
				CLANG_CXX_LIBRARY = "libc++";
				CLANG_ENABLE_MODULES = YES;
				CLANG_ENABLE_OBJC_ARC = YES;
				CLANG_WARN_BOOL_CONVERSION = YES;
				CLANG_WARN_CONSTANT_CONVERSION = YES;
				CLANG_WARN_DIRECT_OBJC_ISA_USAGE = YES_ERROR;
				CLANG_WARN_DOCUMENTATION_COMMENTS = YES;
				CLANG_WARN_EMPTY_BODY = YES;
				CLANG_WARN_ENUM_CONVERSION = YES;
				CLANG_WARN_INFINITE_RECURSION = YES;
				CLANG_WARN_INT_CONVERSION = YES;
				CLANG_WARN_OBJC_ROOT_CLASS = YES_ERROR;
				CLANG_WARN_SUSPICIOUS_MOVE = YES;
				CLANG_WARN_UNREACHABLE_CODE = YES;
				CLANG_WARN__DUPLICATE_METHOD_MATCH = YES;
				"CODE_SIGN_IDENTITY[sdk=iphoneos*]" = "iPhone Developer";
				COPY_PHASE_STRIP = NO;
				DEBUG_INFORMATION_FORMAT = "dwarf-with-dsym";
				ENABLE_NS_ASSERTIONS = NO;
				ENABLE_STRICT_OBJC_MSGSEND = YES;
				GCC_C_LANGUAGE_STANDARD = gnu99;
				GCC_NO_COMMON_BLOCKS = YES;
				GCC_WARN_64_TO_32_BIT_CONVERSION = YES;
				GCC_WARN_ABOUT_RETURN_TYPE = YES_ERROR;
				GCC_WARN_UNDECLARED_SELECTOR = YES;
				GCC_WARN_UNINITIALIZED_AUTOS = YES_AGGRESSIVE;
				GCC_WARN_UNUSED_FUNCTION = YES;
				GCC_WARN_UNUSED_VARIABLE = YES;
				IPHONEOS_DEPLOYMENT_TARGET = 12.0;
				MTL_ENABLE_DEBUG_INFO = NO;
				SDKROOT = iphoneos;
				TARGETED_DEVICE_FAMILY = "1,2";
				VALIDATE_PRODUCT = YES;
			};
			name = Release;
		};
		5889D3031F0194960051466D /* Debug */ = {
			isa = XCBuildConfiguration;
			baseConfigurationReference = CEFF8DF22815097D16FC5AFE /* Pods-Example.debug.xcconfig */;
			buildSettings = {
				ASSETCATALOG_COMPILER_APPICON_NAME = AppIcon;
				DEVELOPMENT_TEAM = D2UQX7HU9P;
				"EXCLUDED_ARCHS[sdk=iphonesimulator*]" = arm64;
				INFOPLIST_FILE = Example/Info.plist;
				LD_RUNPATH_SEARCH_PATHS = "$(inherited) @executable_path/Frameworks";
				PRODUCT_BUNDLE_IDENTIFIER = com.record360.Example;
				PRODUCT_NAME = "$(TARGET_NAME)";
			};
			name = Debug;
		};
		5889D3041F0194960051466D /* Release */ = {
			isa = XCBuildConfiguration;
			baseConfigurationReference = E356478499C8A6A390E23BBD /* Pods-Example.release.xcconfig */;
			buildSettings = {
				ASSETCATALOG_COMPILER_APPICON_NAME = AppIcon;
				DEVELOPMENT_TEAM = D2UQX7HU9P;
				INFOPLIST_FILE = Example/Info.plist;
				LD_RUNPATH_SEARCH_PATHS = "$(inherited) @executable_path/Frameworks";
				PRODUCT_BUNDLE_IDENTIFIER = com.record360.Example;
				PRODUCT_NAME = "$(TARGET_NAME)";
			};
			name = Release;
		};
/* End XCBuildConfiguration section */

/* Begin XCConfigurationList section */
		5889D2E61F0194960051466D /* Build configuration list for PBXProject "Example" */ = {
			isa = XCConfigurationList;
			buildConfigurations = (
				5889D3001F0194960051466D /* Debug */,
				5889D3011F0194960051466D /* Release */,
			);
			defaultConfigurationIsVisible = 0;
			defaultConfigurationName = Release;
		};
		5889D3021F0194960051466D /* Build configuration list for PBXNativeTarget "Example" */ = {
			isa = XCConfigurationList;
			buildConfigurations = (
				5889D3031F0194960051466D /* Debug */,
				5889D3041F0194960051466D /* Release */,
			);
			defaultConfigurationIsVisible = 0;
			defaultConfigurationName = Release;
		};
/* End XCConfigurationList section */
	};
	rootObject = 5889D2E31F0194960051466D /* Project object */;
}
